
Microsoft Visual Studio Solution File, Format Version 12.00
# Visual Studio 2012
Project("{FAE04EC0-301F-11D3-BF4B-00C04F79EFBC}") = "Common", "Common\Common.csproj", "{32C46015-2F2F-4899-8C74-591DF697AA7C}"
EndProject
Project("{FAE04EC0-301F-11D3-BF4B-00C04F79EFBC}") = "Db", "Db\Db.csproj", "{28B438DE-CE09-4361-A555-F1751BA1E6E2}"
EndProject
Project("{FAE04EC0-301F-11D3-BF4B-00C04F79EFBC}") = "Model", "Model\Model.csproj", "{6C2B9AE0-2334-45EA-9A28-E79D7D9E6D05}"
EndProject
Project("{FAE04EC0-301F-11D3-BF4B-00C04F79EFBC}") = "WebFramework", "WebFramework\WebFramework.csproj", "{F48090B8-F6C9-40B5-9BC0-3B36E15BA0E9}"
EndProject
Project("{E24C65DC-7377-472B-9ABA-BC803B73C61A}") = "UI(3)", "http://localhost:7640", "{E21E4305-959C-4EA9-8E4F-B62F920AEDEC}"
	ProjectSection(WebsiteProperties) = preProject
		UseIISExpress = "true"
		TargetFrameworkMoniker = ".NETFramework,Version%3Dv4.5"
		ProjectReferences = "{32c46015-2f2f-4899-8c74-591df697aa7c}|Common.dll;{28B438DE-CE09-4361-A555-F1751BA1E6E2}|Db.dll;{6C2B9AE0-2334-45EA-9A28-E79D7D9E6D05}|Model.dll;{f48090b8-f6c9-40b5-9bc0-3b36e15ba0e9}|WebFramework.dll;"
		Debug.AspNetCompiler.VirtualPath = "/localhost_7640"
		Debug.AspNetCompiler.PhysicalPath = "UI\"
		Debug.AspNetCompiler.TargetPath = "PrecompiledWeb\localhost_7640\"
		Debug.AspNetCompiler.Updateable = "true"
		Debug.AspNetCompiler.ForceOverwrite = "true"
		Debug.AspNetCompiler.FixedNames = "false"
		Debug.AspNetCompiler.Debug = "True"
		Release.AspNetCompiler.VirtualPath = "/localhost_7640"
		Release.AspNetCompiler.PhysicalPath = "UI\"
		Release.AspNetCompiler.TargetPath = "PrecompiledWeb\localhost_7640\"
		Release.AspNetCompiler.Updateable = "true"
		Release.AspNetCompiler.ForceOverwrite = "true"
		Release.AspNetCompiler.FixedNames = "false"
		Release.AspNetCompiler.Debug = "False"
		SlnRelativePath = "UI\"
		DefaultWebSiteLanguage = "Visual C#"
	EndProjectSection
EndProject
Global
	GlobalSection(SolutionConfigurationPlatforms) = preSolution
		Debug|Any CPU = Debug|Any CPU
		Release|Any CPU = Release|Any CPU
	EndGlobalSection
	GlobalSection(ProjectConfigurationPlatforms) = postSolution
		{32C46015-2F2F-4899-8C74-591DF697AA7C}.Debug|Any CPU.ActiveCfg = Debug|Any CPU
		{32C46015-2F2F-4899-8C74-591DF697AA7C}.Debug|Any CPU.Build.0 = Debug|Any CPU
		{32C46015-2F2F-4899-8C74-591DF697AA7C}.Release|Any CPU.ActiveCfg = Release|Any CPU
		{32C46015-2F2F-4899-8C74-591DF697AA7C}.Release|Any CPU.Build.0 = Release|Any CPU
		{28B438DE-CE09-4361-A555-F1751BA1E6E2}.Debug|Any CPU.ActiveCfg = Debug|Any CPU
		{28B438DE-CE09-4361-A555-F1751BA1E6E2}.Debug|Any CPU.Build.0 = Debug|Any CPU
		{28B438DE-CE09-4361-A555-F1751BA1E6E2}.Release|Any CPU.ActiveCfg = Release|Any CPU
		{28B438DE-CE09-4361-A555-F1751BA1E6E2}.Release|Any CPU.Build.0 = Release|Any CPU
		{6C2B9AE0-2334-45EA-9A28-E79D7D9E6D05}.Debug|Any CPU.ActiveCfg = Debug|Any CPU
		{6C2B9AE0-2334-45EA-9A28-E79D7D9E6D05}.Debug|Any CPU.Build.0 = Debug|Any CPU
		{6C2B9AE0-2334-45EA-9A28-E79D7D9E6D05}.Release|Any CPU.ActiveCfg = Release|Any CPU
		{6C2B9AE0-2334-45EA-9A28-E79D7D9E6D05}.Release|Any CPU.Build.0 = Release|Any CPU
		{F48090B8-F6C9-40B5-9BC0-3B36E15BA0E9}.Debug|Any CPU.ActiveCfg = Debug|Any CPU
		{F48090B8-F6C9-40B5-9BC0-3B36E15BA0E9}.Debug|Any CPU.Build.0 = Debug|Any CPU
		{F48090B8-F6C9-40B5-9BC0-3B36E15BA0E9}.Release|Any CPU.ActiveCfg = Release|Any CPU
		{F48090B8-F6C9-40B5-9BC0-3B36E15BA0E9}.Release|Any CPU.Build.0 = Release|Any CPU
		{E21E4305-959C-4EA9-8E4F-B62F920AEDEC}.Debug|Any CPU.ActiveCfg = Debug|Any CPU
		{E21E4305-959C-4EA9-8E4F-B62F920AEDEC}.Debug|Any CPU.Build.0 = Debug|Any CPU
		{E21E4305-959C-4EA9-8E4F-B62F920AEDEC}.Release|Any CPU.ActiveCfg = Debug|Any CPU
		{E21E4305-959C-4EA9-8E4F-B62F920AEDEC}.Release|Any CPU.Build.0 = Debug|Any CPU
	EndGlobalSection
	GlobalSection(SolutionProperties) = preSolution
		HideSolutionNode = FALSE
	EndGlobalSection
EndGlobal
